// !$*UTF8*$!
{
	archiveVersion = 1;
	classes = {
	};
	objectVersion = 56;
	objects = {

/* Begin PBXBuildFile section */
		F52A83CB2966DF7A0016F50E /* CombineMoya in Frameworks */ = {isa = PBXBuildFile; productRef = F52A83CA2966DF7A0016F50E /* CombineMoya */; };
		F52A83CD2966DF7A0016F50E /* Moya in Frameworks */ = {isa = PBXBuildFile; productRef = F52A83CC2966DF7A0016F50E /* Moya */; };
		F52A83D22966DFF90016F50E /* URL+Ext.swift in Sources */ = {isa = PBXBuildFile; fileRef = F52A83D12966DFF90016F50E /* URL+Ext.swift */; };
		F52A83D42966E01C0016F50E /* Encodable+Ext.swift in Sources */ = {isa = PBXBuildFile; fileRef = F52A83D32966E01C0016F50E /* Encodable+Ext.swift */; };
		F52A83D62966E02F0016F50E /* AnyPublisher+Ext.swift in Sources */ = {isa = PBXBuildFile; fileRef = F52A83D52966E02F0016F50E /* AnyPublisher+Ext.swift */; };
		F52A83D82966E0440016F50E /* MoyaProvider+Ext.swift in Sources */ = {isa = PBXBuildFile; fileRef = F52A83D72966E0440016F50E /* MoyaProvider+Ext.swift */; };
		F52A83DA2966E05D0016F50E /* NetworkError.swift in Sources */ = {isa = PBXBuildFile; fileRef = F52A83D92966E05D0016F50E /* NetworkError.swift */; };
		F52A83DC2966E0730016F50E /* NetworkConfig.swift in Sources */ = {isa = PBXBuildFile; fileRef = F52A83DB2966E0730016F50E /* NetworkConfig.swift */; };
		F52A83DE2966E0850016F50E /* NetworkProvider.swift in Sources */ = {isa = PBXBuildFile; fileRef = F52A83DD2966E0850016F50E /* NetworkProvider.swift */; };
		F5EC43762966BDBC00A8F498 /* AppDelegate.swift in Sources */ = {isa = PBXBuildFile; fileRef = F5EC43752966BDBC00A8F498 /* AppDelegate.swift */; };
		F5EC437A2966BDBC00A8F498 /* ViewController.swift in Sources */ = {isa = PBXBuildFile; fileRef = F5EC43792966BDBC00A8F498 /* ViewController.swift */; };
		F5EC437F2966BDBF00A8F498 /* Assets.xcassets in Resources */ = {isa = PBXBuildFile; fileRef = F5EC437E2966BDBF00A8F498 /* Assets.xcassets */; };
		F5EC43822966BDBF00A8F498 /* LaunchScreen.storyboard in Resources */ = {isa = PBXBuildFile; fileRef = F5EC43802966BDBF00A8F498 /* LaunchScreen.storyboard */; };
/* End PBXBuildFile section */

/* Begin PBXFileReference section */
		F52A83D12966DFF90016F50E /* URL+Ext.swift */ = {isa = PBXFileReference; lastKnownFileType = sourcecode.swift; path = "URL+Ext.swift"; sourceTree = "<group>"; };
		F52A83D32966E01C0016F50E /* Encodable+Ext.swift */ = {isa = PBXFileReference; lastKnownFileType = sourcecode.swift; path = "Encodable+Ext.swift"; sourceTree = "<group>"; };
		F52A83D52966E02F0016F50E /* AnyPublisher+Ext.swift */ = {isa = PBXFileReference; lastKnownFileType = sourcecode.swift; path = "AnyPublisher+Ext.swift"; sourceTree = "<group>"; };
		F52A83D72966E0440016F50E /* MoyaProvider+Ext.swift */ = {isa = PBXFileReference; lastKnownFileType = sourcecode.swift; path = "MoyaProvider+Ext.swift"; sourceTree = "<group>"; };
		F52A83D92966E05D0016F50E /* NetworkError.swift */ = {isa = PBXFileReference; lastKnownFileType = sourcecode.swift; path = NetworkError.swift; sourceTree = "<group>"; };
		F52A83DB2966E0730016F50E /* NetworkConfig.swift */ = {isa = PBXFileReference; lastKnownFileType = sourcecode.swift; path = NetworkConfig.swift; sourceTree = "<group>"; };
		F52A83DD2966E0850016F50E /* NetworkProvider.swift */ = {isa = PBXFileReference; lastKnownFileType = sourcecode.swift; path = NetworkProvider.swift; sourceTree = "<group>"; };
		F5EC43722966BDBC00A8F498 /* BluTest.app */ = {isa = PBXFileReference; explicitFileType = wrapper.application; includeInIndex = 0; path = BluTest.app; sourceTree = BUILT_PRODUCTS_DIR; };
		F5EC43752966BDBC00A8F498 /* AppDelegate.swift */ = {isa = PBXFileReference; lastKnownFileType = sourcecode.swift; path = AppDelegate.swift; sourceTree = "<group>"; };
		F5EC43792966BDBC00A8F498 /* ViewController.swift */ = {isa = PBXFileReference; lastKnownFileType = sourcecode.swift; path = ViewController.swift; sourceTree = "<group>"; };
		F5EC437E2966BDBF00A8F498 /* Assets.xcassets */ = {isa = PBXFileReference; lastKnownFileType = folder.assetcatalog; path = Assets.xcassets; sourceTree = "<group>"; };
		F5EC43812966BDBF00A8F498 /* Base */ = {isa = PBXFileReference; lastKnownFileType = file.storyboard; name = Base; path = Base.lproj/LaunchScreen.storyboard; sourceTree = "<group>"; };
		F5EC43832966BDBF00A8F498 /* Info.plist */ = {isa = PBXFileReference; lastKnownFileType = text.plist.xml; path = Info.plist; sourceTree = "<group>"; };
		F5EC438C2966C7F200A8F498 /* Debug.xcconfig */ = {isa = PBXFileReference; lastKnownFileType = text.xcconfig; path = Debug.xcconfig; sourceTree = "<group>"; };
		F5EC438D2966C80700A8F498 /* Release.xcconfig */ = {isa = PBXFileReference; lastKnownFileType = text.xcconfig; path = Release.xcconfig; sourceTree = "<group>"; };
/* End PBXFileReference section */

/* Begin PBXFrameworksBuildPhase section */
		F5EC436F2966BDBC00A8F498 /* Frameworks */ = {
			isa = PBXFrameworksBuildPhase;
			buildActionMask = 2147483647;
			files = (
				F52A83CD2966DF7A0016F50E /* Moya in Frameworks */,
				F52A83CB2966DF7A0016F50E /* CombineMoya in Frameworks */,
			);
			runOnlyForDeploymentPostprocessing = 0;
		};
/* End PBXFrameworksBuildPhase section */

/* Begin PBXGroup section */
		F52A83CE2966DFBE0016F50E /* Infrastructures */ = {
			isa = PBXGroup;
			children = (
				F52A83CF2966DFDA0016F50E /* Network */,
			);
			path = Infrastructures;
			sourceTree = "<group>";
		};
		F52A83CF2966DFDA0016F50E /* Network */ = {
			isa = PBXGroup;
			children = (
				F52A83DD2966E0850016F50E /* NetworkProvider.swift */,
				F52A83DB2966E0730016F50E /* NetworkConfig.swift */,
				F52A83D92966E05D0016F50E /* NetworkError.swift */,
				F52A83D02966DFED0016F50E /* Extension */,
			);
			path = Network;
			sourceTree = "<group>";
		};
		F52A83D02966DFED0016F50E /* Extension */ = {
			isa = PBXGroup;
			children = (
				F52A83D52966E02F0016F50E /* AnyPublisher+Ext.swift */,
				F52A83D32966E01C0016F50E /* Encodable+Ext.swift */,
				F52A83D72966E0440016F50E /* MoyaProvider+Ext.swift */,
				F52A83D12966DFF90016F50E /* URL+Ext.swift */,
			);
			path = Extension;
			sourceTree = "<group>";
		};
		F5EC43692966BDBC00A8F498 = {
			isa = PBXGroup;
			children = (
				F5EC43742966BDBC00A8F498 /* BluTest */,
				F5EC43732966BDBC00A8F498 /* Products */,
			);
			sourceTree = "<group>";
		};
		F5EC43732966BDBC00A8F498 /* Products */ = {
			isa = PBXGroup;
			children = (
				F5EC43722966BDBC00A8F498 /* BluTest.app */,
			);
			name = Products;
			sourceTree = "<group>";
		};
		F5EC43742966BDBC00A8F498 /* BluTest */ = {
			isa = PBXGroup;
			children = (
				F5EC43892966C50100A8F498 /* Application */,
				F52A83CE2966DFBE0016F50E /* Infrastructures */,
				F5EC438B2966C53D00A8F498 /* Resource */,
				F5EC43792966BDBC00A8F498 /* ViewController.swift */,
			);
			path = BluTest;
			sourceTree = "<group>";
		};
		F5EC43892966C50100A8F498 /* Application */ = {
			isa = PBXGroup;
			children = (
				F5EC43752966BDBC00A8F498 /* AppDelegate.swift */,
			);
			path = Application;
			sourceTree = "<group>";
		};
		F5EC438B2966C53D00A8F498 /* Resource */ = {
			isa = PBXGroup;
			children = (
				F5EC438E2966C80F00A8F498 /* Configuration */,
				F5EC437E2966BDBF00A8F498 /* Assets.xcassets */,
				F5EC43802966BDBF00A8F498 /* LaunchScreen.storyboard */,
				F5EC43832966BDBF00A8F498 /* Info.plist */,
			);
			path = Resource;
			sourceTree = "<group>";
		};
		F5EC438E2966C80F00A8F498 /* Configuration */ = {
			isa = PBXGroup;
			children = (
				F5EC438C2966C7F200A8F498 /* Debug.xcconfig */,
				F5EC438D2966C80700A8F498 /* Release.xcconfig */,
			);
			path = Configuration;
			sourceTree = "<group>";
		};
/* End PBXGroup section */

/* Begin PBXNativeTarget section */
		F5EC43712966BDBC00A8F498 /* BluTest */ = {
			isa = PBXNativeTarget;
			buildConfigurationList = F5EC43862966BDBF00A8F498 /* Build configuration list for PBXNativeTarget "BluTest" */;
			buildPhases = (
				F5EC436E2966BDBC00A8F498 /* Sources */,
				F5EC436F2966BDBC00A8F498 /* Frameworks */,
				F5EC43702966BDBC00A8F498 /* Resources */,
			);
			buildRules = (
			);
			dependencies = (
			);
			name = BluTest;
			packageProductDependencies = (
				F52A83CA2966DF7A0016F50E /* CombineMoya */,
				F52A83CC2966DF7A0016F50E /* Moya */,
			);
			productName = BluTest;
			productReference = F5EC43722966BDBC00A8F498 /* BluTest.app */;
			productType = "com.apple.product-type.application";
		};
/* End PBXNativeTarget section */

/* Begin PBXProject section */
		F5EC436A2966BDBC00A8F498 /* Project object */ = {
			isa = PBXProject;
			attributes = {
				BuildIndependentTargetsInParallel = 1;
				LastSwiftUpdateCheck = 1400;
				LastUpgradeCheck = 1400;
				TargetAttributes = {
					F5EC43712966BDBC00A8F498 = {
						CreatedOnToolsVersion = 14.0.1;
					};
				};
			};
			buildConfigurationList = F5EC436D2966BDBC00A8F498 /* Build configuration list for PBXProject "BluTest" */;
			compatibilityVersion = "Xcode 14.0";
			developmentRegion = en;
			hasScannedForEncodings = 0;
			knownRegions = (
				en,
				Base,
			);
			mainGroup = F5EC43692966BDBC00A8F498;
			packageReferences = (
				F52A83C92966DF7A0016F50E /* XCRemoteSwiftPackageReference "Moya" */,
			);
			productRefGroup = F5EC43732966BDBC00A8F498 /* Products */;
			projectDirPath = "";
			projectRoot = "";
			targets = (
				F5EC43712966BDBC00A8F498 /* BluTest */,
			);
		};
/* End PBXProject section */

/* Begin PBXResourcesBuildPhase section */
		F5EC43702966BDBC00A8F498 /* Resources */ = {
			isa = PBXResourcesBuildPhase;
			buildActionMask = 2147483647;
			files = (
				F5EC43822966BDBF00A8F498 /* LaunchScreen.storyboard in Resources */,
				F5EC437F2966BDBF00A8F498 /* Assets.xcassets in Resources */,
			);
			runOnlyForDeploymentPostprocessing = 0;
		};
/* End PBXResourcesBuildPhase section */

/* Begin PBXSourcesBuildPhase section */
		F5EC436E2966BDBC00A8F498 /* Sources */ = {
			isa = PBXSourcesBuildPhase;
			buildActionMask = 2147483647;
			files = (
				F52A83D62966E02F0016F50E /* AnyPublisher+Ext.swift in Sources */,
				F52A83DA2966E05D0016F50E /* NetworkError.swift in Sources */,
				F52A83DE2966E0850016F50E /* NetworkProvider.swift in Sources */,
				F5EC437A2966BDBC00A8F498 /* ViewController.swift in Sources */,
				F52A83D82966E0440016F50E /* MoyaProvider+Ext.swift in Sources */,
				F52A83D22966DFF90016F50E /* URL+Ext.swift in Sources */,
				F5EC43762966BDBC00A8F498 /* AppDelegate.swift in Sources */,
				F52A83DC2966E0730016F50E /* NetworkConfig.swift in Sources */,
				F52A83D42966E01C0016F50E /* Encodable+Ext.swift in Sources */,
			);
			runOnlyForDeploymentPostprocessing = 0;
		};
/* End PBXSourcesBuildPhase section */

/* Begin PBXVariantGroup section */
		F5EC43802966BDBF00A8F498 /* LaunchScreen.storyboard */ = {
			isa = PBXVariantGroup;
			children = (
				F5EC43812966BDBF00A8F498 /* Base */,
			);
			name = LaunchScreen.storyboard;
			sourceTree = "<group>";
		};
/* End PBXVariantGroup section */

/* Begin XCBuildConfiguration section */
		F5EC43842966BDBF00A8F498 /* Debug */ = {
			isa = XCBuildConfiguration;
			baseConfigurationReference = F5EC438C2966C7F200A8F498 /* Debug.xcconfig */;
			buildSettings = {
				ALWAYS_SEARCH_USER_PATHS = NO;
				CLANG_ANALYZER_NONNULL = YES;
				CLANG_ANALYZER_NUMBER_OBJECT_CONVERSION = YES_AGGRESSIVE;
				CLANG_CXX_LANGUAGE_STANDARD = "gnu++20";
				CLANG_ENABLE_MODULES = YES;
				CLANG_ENABLE_OBJC_ARC = YES;
				CLANG_ENABLE_OBJC_WEAK = YES;
				CLANG_WARN_BLOCK_CAPTURE_AUTORELEASING = YES;
				CLANG_WARN_BOOL_CONVERSION = YES;
				CLANG_WARN_COMMA = YES;
				CLANG_WARN_CONSTANT_CONVERSION = YES;
				CLANG_WARN_DEPRECATED_OBJC_IMPLEMENTATIONS = YES;
				CLANG_WARN_DIRECT_OBJC_ISA_USAGE = YES_ERROR;
				CLANG_WARN_DOCUMENTATION_COMMENTS = YES;
				CLANG_WARN_EMPTY_BODY = YES;
				CLANG_WARN_ENUM_CONVERSION = YES;
				CLANG_WARN_INFINITE_RECURSION = YES;
				CLANG_WARN_INT_CONVERSION = YES;
				CLANG_WARN_NON_LITERAL_NULL_CONVERSION = YES;
				CLANG_WARN_OBJC_IMPLICIT_RETAIN_SELF = YES;
				CLANG_WARN_OBJC_LITERAL_CONVERSION = YES;
				CLANG_WARN_OBJC_ROOT_CLASS = YES_ERROR;
				CLANG_WARN_QUOTED_INCLUDE_IN_FRAMEWORK_HEADER = YES;
				CLANG_WARN_RANGE_LOOP_ANALYSIS = YES;
				CLANG_WARN_STRICT_PROTOTYPES = YES;
				CLANG_WARN_SUSPICIOUS_MOVE = YES;
				CLANG_WARN_UNGUARDED_AVAILABILITY = YES_AGGRESSIVE;
				CLANG_WARN_UNREACHABLE_CODE = YES;
				CLANG_WARN__DUPLICATE_METHOD_MATCH = YES;
				COPY_PHASE_STRIP = NO;
				DEBUG_INFORMATION_FORMAT = dwarf;
				ENABLE_STRICT_OBJC_MSGSEND = YES;
				ENABLE_TESTABILITY = YES;
				GCC_C_LANGUAGE_STANDARD = gnu11;
				GCC_DYNAMIC_NO_PIC = NO;
				GCC_NO_COMMON_BLOCKS = YES;
				GCC_OPTIMIZATION_LEVEL = 0;
				GCC_PREPROCESSOR_DEFINITIONS = (
					"DEBUG=1",
					"$(inherited)",
				);
				GCC_WARN_64_TO_32_BIT_CONVERSION = YES;
				GCC_WARN_ABOUT_RETURN_TYPE = YES_ERROR;
				GCC_WARN_UNDECLARED_SELECTOR = YES;
				GCC_WARN_UNINITIALIZED_AUTOS = YES_AGGRESSIVE;
				GCC_WARN_UNUSED_FUNCTION = YES;
				GCC_WARN_UNUSED_VARIABLE = YES;
				IPHONEOS_DEPLOYMENT_TARGET = 13.0;
				MTL_ENABLE_DEBUG_INFO = INCLUDE_SOURCE;
				MTL_FAST_MATH = YES;
				ONLY_ACTIVE_ARCH = YES;
				SDKROOT = iphoneos;
				SWIFT_ACTIVE_COMPILATION_CONDITIONS = DEBUG;
				SWIFT_OPTIMIZATION_LEVEL = "-Onone";
				SWIFT_VERSION = 5.0;
			};
			name = Debug;
		};
		F5EC43852966BDBF00A8F498 /* Release */ = {
			isa = XCBuildConfiguration;
			baseConfigurationReference = F5EC438D2966C80700A8F498 /* Release.xcconfig */;
			buildSettings = {
				ALWAYS_SEARCH_USER_PATHS = NO;
				CLANG_ANALYZER_NONNULL = YES;
				CLANG_ANALYZER_NUMBER_OBJECT_CONVERSION = YES_AGGRESSIVE;
				CLANG_CXX_LANGUAGE_STANDARD = "gnu++20";
				CLANG_ENABLE_MODULES = YES;
				CLANG_ENABLE_OBJC_ARC = YES;
				CLANG_ENABLE_OBJC_WEAK = YES;
				CLANG_WARN_BLOCK_CAPTURE_AUTORELEASING = YES;
				CLANG_WARN_BOOL_CONVERSION = YES;
				CLANG_WARN_COMMA = YES;
				CLANG_WARN_CONSTANT_CONVERSION = YES;
				CLANG_WARN_DEPRECATED_OBJC_IMPLEMENTATIONS = YES;
				CLANG_WARN_DIRECT_OBJC_ISA_USAGE = YES_ERROR;
				CLANG_WARN_DOCUMENTATION_COMMENTS = YES;
				CLANG_WARN_EMPTY_BODY = YES;
				CLANG_WARN_ENUM_CONVERSION = YES;
				CLANG_WARN_INFINITE_RECURSION = YES;
				CLANG_WARN_INT_CONVERSION = YES;
				CLANG_WARN_NON_LITERAL_NULL_CONVERSION = YES;
				CLANG_WARN_OBJC_IMPLICIT_RETAIN_SELF = YES;
				CLANG_WARN_OBJC_LITERAL_CONVERSION = YES;
				CLANG_WARN_OBJC_ROOT_CLASS = YES_ERROR;
				CLANG_WARN_QUOTED_INCLUDE_IN_FRAMEWORK_HEADER = YES;
				CLANG_WARN_RANGE_LOOP_ANALYSIS = YES;
				CLANG_WARN_STRICT_PROTOTYPES = YES;
				CLANG_WARN_SUSPICIOUS_MOVE = YES;
				CLANG_WARN_UNGUARDED_AVAILABILITY = YES_AGGRESSIVE;
				CLANG_WARN_UNREACHABLE_CODE = YES;
				CLANG_WARN__DUPLICATE_METHOD_MATCH = YES;
				COPY_PHASE_STRIP = NO;
				DEBUG_INFORMATION_FORMAT = "dwarf-with-dsym";
				ENABLE_NS_ASSERTIONS = NO;
				ENABLE_STRICT_OBJC_MSGSEND = YES;
				GCC_C_LANGUAGE_STANDARD = gnu11;
				GCC_NO_COMMON_BLOCKS = YES;
				GCC_WARN_64_TO_32_BIT_CONVERSION = YES;
				GCC_WARN_ABOUT_RETURN_TYPE = YES_ERROR;
				GCC_WARN_UNDECLARED_SELECTOR = YES;
				GCC_WARN_UNINITIALIZED_AUTOS = YES_AGGRESSIVE;
				GCC_WARN_UNUSED_FUNCTION = YES;
				GCC_WARN_UNUSED_VARIABLE = YES;
				IPHONEOS_DEPLOYMENT_TARGET = 13.0;
				MTL_ENABLE_DEBUG_INFO = NO;
				MTL_FAST_MATH = YES;
				SDKROOT = iphoneos;
				SWIFT_COMPILATION_MODE = wholemodule;
				SWIFT_OPTIMIZATION_LEVEL = "-O";
				SWIFT_VERSION = 5.0;
				VALIDATE_PRODUCT = YES;
			};
			name = Release;
		};
		F5EC43872966BDBF00A8F498 /* Debug */ = {
			isa = XCBuildConfiguration;
			baseConfigurationReference = F5EC438C2966C7F200A8F498 /* Debug.xcconfig */;
			buildSettings = {
				ASSETCATALOG_COMPILER_APPICON_NAME = AppIcon;
				ASSETCATALOG_COMPILER_GLOBAL_ACCENT_COLOR_NAME = AccentColor;
				CODE_SIGN_STYLE = Automatic;
				CURRENT_PROJECT_VERSION = "$(BLU_BUILD_VERSION)";
				DEVELOPMENT_TEAM = SWYCC37G8N;
				GENERATE_INFOPLIST_FILE = YES;
				INFOPLIST_FILE = BluTest/Resource/Info.plist;
				INFOPLIST_KEY_CFBundleDisplayName = "$(BLU_APP_NAME)";
				INFOPLIST_KEY_UIApplicationSupportsIndirectInputEvents = YES;
				INFOPLIST_KEY_UILaunchStoryboardName = LaunchScreen;
				INFOPLIST_KEY_UISupportedInterfaceOrientations = UIInterfaceOrientationPortrait;
				IPHONEOS_DEPLOYMENT_TARGET = 13.0;
				LD_RUNPATH_SEARCH_PATHS = (
					"$(inherited)",
					"@executable_path/Frameworks",
				);
				MARKETING_VERSION = "$(BLU_APP_VERSION)";
				PRODUCT_BUNDLE_IDENTIFIER = "$(BLU_APP_BUNDLE_ID)";
				PRODUCT_NAME = "$(TARGET_NAME)";
				SWIFT_EMIT_LOC_STRINGS = YES;
				SWIFT_VERSION = 5.0;
				TARGETED_DEVICE_FAMILY = "1,2";
			};
			name = Debug;
		};
		F5EC43882966BDBF00A8F498 /* Release */ = {
			isa = XCBuildConfiguration;
			baseConfigurationReference = F5EC438D2966C80700A8F498 /* Release.xcconfig */;
			buildSettings = {
				ASSETCATALOG_COMPILER_APPICON_NAME = AppIcon;
				ASSETCATALOG_COMPILER_GLOBAL_ACCENT_COLOR_NAME = AccentColor;
				CODE_SIGN_STYLE = Automatic;
				CURRENT_PROJECT_VERSION = "$(BLU_BUILD_VERSION)";
				DEVELOPMENT_TEAM = SWYCC37G8N;
				GENERATE_INFOPLIST_FILE = YES;
				INFOPLIST_FILE = BluTest/Resource/Info.plist;
				INFOPLIST_KEY_CFBundleDisplayName = "$(BLU_APP_NAME)";
				INFOPLIST_KEY_UIApplicationSupportsIndirectInputEvents = YES;
				INFOPLIST_KEY_UILaunchStoryboardName = LaunchScreen;
				INFOPLIST_KEY_UISupportedInterfaceOrientations = UIInterfaceOrientationPortrait;
				IPHONEOS_DEPLOYMENT_TARGET = 13.0;
				LD_RUNPATH_SEARCH_PATHS = (
					"$(inherited)",
					"@executable_path/Frameworks",
				);
				MARKETING_VERSION = "$(BLU_APP_VERSION)";
				PRODUCT_BUNDLE_IDENTIFIER = "$(BLU_APP_BUNDLE_ID)";
				PRODUCT_NAME = "$(TARGET_NAME)";
				SWIFT_EMIT_LOC_STRINGS = YES;
				SWIFT_VERSION = 5.0;
				TARGETED_DEVICE_FAMILY = "1,2";
			};
			name = Release;
		};
/* End XCBuildConfiguration section */

/* Begin XCConfigurationList section */
		F5EC436D2966BDBC00A8F498 /* Build configuration list for PBXProject "BluTest" */ = {
			isa = XCConfigurationList;
			buildConfigurations = (
				F5EC43842966BDBF00A8F498 /* Debug */,
				F5EC43852966BDBF00A8F498 /* Release */,
			);
			defaultConfigurationIsVisible = 0;
			defaultConfigurationName = Release;
		};
		F5EC43862966BDBF00A8F498 /* Build configuration list for PBXNativeTarget "BluTest" */ = {
			isa = XCConfigurationList;
			buildConfigurations = (
				F5EC43872966BDBF00A8F498 /* Debug */,
				F5EC43882966BDBF00A8F498 /* Release */,
			);
			defaultConfigurationIsVisible = 0;
			defaultConfigurationName = Release;
		};
/* End XCConfigurationList section */

/* Begin XCRemoteSwiftPackageReference section */
		F52A83C92966DF7A0016F50E /* XCRemoteSwiftPackageReference "Moya" */ = {
			isa = XCRemoteSwiftPackageReference;
			repositoryURL = "https://github.com/Moya/Moya.git";
			requirement = {
				kind = exactVersion;
				version = 15.0.0;
			};
		};
/* End XCRemoteSwiftPackageReference section */

/* Begin XCSwiftPackageProductDependency section */
		F52A83CA2966DF7A0016F50E /* CombineMoya */ = {
			isa = XCSwiftPackageProductDependency;
			package = F52A83C92966DF7A0016F50E /* XCRemoteSwiftPackageReference "Moya" */;
			productName = CombineMoya;
		};
		F52A83CC2966DF7A0016F50E /* Moya */ = {
			isa = XCSwiftPackageProductDependency;
			package = F52A83C92966DF7A0016F50E /* XCRemoteSwiftPackageReference "Moya" */;
			productName = Moya;
		};
/* End XCSwiftPackageProductDependency section */
	};
	rootObject = F5EC436A2966BDBC00A8F498 /* Project object */;
}
