// !$*UTF8*$!
{
	archiveVersion = 1;
	classes = {
	};
	objectVersion = 56;
	objects = {

/* Begin PBXBuildFile section */
		F52A83CB2966DF7A0016F50E /* CombineMoya in Frameworks */ = {isa = PBXBuildFile; productRef = F52A83CA2966DF7A0016F50E /* CombineMoya */; };
		F52A83CD2966DF7A0016F50E /* Moya in Frameworks */ = {isa = PBXBuildFile; productRef = F52A83CC2966DF7A0016F50E /* Moya */; };
		F52A83D22966DFF90016F50E /* URL+Ext.swift in Sources */ = {isa = PBXBuildFile; fileRef = F52A83D12966DFF90016F50E /* URL+Ext.swift */; };
		F52A83D42966E01C0016F50E /* Encodable+Ext.swift in Sources */ = {isa = PBXBuildFile; fileRef = F52A83D32966E01C0016F50E /* Encodable+Ext.swift */; };
		F52A83D62966E02F0016F50E /* AnyPublisher+Ext.swift in Sources */ = {isa = PBXBuildFile; fileRef = F52A83D52966E02F0016F50E /* AnyPublisher+Ext.swift */; };
		F52A83D82966E0440016F50E /* MoyaProvider+Ext.swift in Sources */ = {isa = PBXBuildFile; fileRef = F52A83D72966E0440016F50E /* MoyaProvider+Ext.swift */; };
		F52A83DA2966E05D0016F50E /* NetworkError.swift in Sources */ = {isa = PBXBuildFile; fileRef = F52A83D92966E05D0016F50E /* NetworkError.swift */; };
		F52A83DC2966E0730016F50E /* NetworkConfig.swift in Sources */ = {isa = PBXBuildFile; fileRef = F52A83DB2966E0730016F50E /* NetworkConfig.swift */; };
		F52A83DE2966E0850016F50E /* NetworkProvider.swift in Sources */ = {isa = PBXBuildFile; fileRef = F52A83DD2966E0850016F50E /* NetworkProvider.swift */; };
		F52A83E22966E4A00016F50E /* Coordinator.swift in Sources */ = {isa = PBXBuildFile; fileRef = F52A83E12966E4A00016F50E /* Coordinator.swift */; };
		F52A83E42966E4D20016F50E /* AppCoordinator.swift in Sources */ = {isa = PBXBuildFile; fileRef = F52A83E32966E4D20016F50E /* AppCoordinator.swift */; };
		F52A83E62966E4E80016F50E /* AppConfigurations.swift in Sources */ = {isa = PBXBuildFile; fileRef = F52A83E52966E4E80016F50E /* AppConfigurations.swift */; };
		F52A83E92966E52B0016F50E /* AppDIContainer.swift in Sources */ = {isa = PBXBuildFile; fileRef = F52A83E82966E52B0016F50E /* AppDIContainer.swift */; };
		F52A83F02966FB1D0016F50E /* HomeFlowCoordinator.swift in Sources */ = {isa = PBXBuildFile; fileRef = F52A83EF2966FB1D0016F50E /* HomeFlowCoordinator.swift */; };
		F52A83F22966FBF10016F50E /* HomeDIContainer.swift in Sources */ = {isa = PBXBuildFile; fileRef = F52A83F12966FBF10016F50E /* HomeDIContainer.swift */; };
		F52A83F4296708660016F50E /* HomeViewController.swift in Sources */ = {isa = PBXBuildFile; fileRef = F52A83F3296708660016F50E /* HomeViewController.swift */; };
		F52A83F6296709CA0016F50E /* HomeViewModel.swift in Sources */ = {isa = PBXBuildFile; fileRef = F52A83F5296709CA0016F50E /* HomeViewModel.swift */; };
		F52A83FB296723410016F50E /* Country.swift in Sources */ = {isa = PBXBuildFile; fileRef = F52A83FA296723410016F50E /* Country.swift */; };
		F52A83FD296724D10016F50E /* HomeDatasource.swift in Sources */ = {isa = PBXBuildFile; fileRef = F52A83FC296724D10016F50E /* HomeDatasource.swift */; };
		F52A84012967259F0016F50E /* Array+Ext.swift in Sources */ = {isa = PBXBuildFile; fileRef = F52A84002967259F0016F50E /* Array+Ext.swift */; };
		F52A840729672F1F0016F50E /* ImageRepositoryInterface.swift in Sources */ = {isa = PBXBuildFile; fileRef = F52A840629672F1F0016F50E /* ImageRepositoryInterface.swift */; };
		F52A840C29672FFE0016F50E /* ImageRepository.swift in Sources */ = {isa = PBXBuildFile; fileRef = F52A840B29672FFE0016F50E /* ImageRepository.swift */; };
		F52A84102967331E0016F50E /* ImageEndPoints.swift in Sources */ = {isa = PBXBuildFile; fileRef = F52A840F2967331E0016F50E /* ImageEndPoints.swift */; };
		F52A841329674AEF0016F50E /* HostingTableViewCell.swift in Sources */ = {isa = PBXBuildFile; fileRef = F52A841229674AEF0016F50E /* HostingTableViewCell.swift */; };
		F52A841529674B120016F50E /* EmptyView.swift in Sources */ = {isa = PBXBuildFile; fileRef = F52A841429674B120016F50E /* EmptyView.swift */; };
		F52A841729674FB60016F50E /* ClassIdentifiable+Ext.swift in Sources */ = {isa = PBXBuildFile; fileRef = F52A841629674FB60016F50E /* ClassIdentifiable+Ext.swift */; };
		F52A841A2967500C0016F50E /* CountryTableViewCell.swift in Sources */ = {isa = PBXBuildFile; fileRef = F52A84182967500C0016F50E /* CountryTableViewCell.swift */; };
		F52A841B2967500C0016F50E /* CountryTableViewCell.xib in Resources */ = {isa = PBXBuildFile; fileRef = F52A84192967500C0016F50E /* CountryTableViewCell.xib */; };
		F52A841D2967521C0016F50E /* UITableView+Ext.swift in Sources */ = {isa = PBXBuildFile; fileRef = F52A841C2967521C0016F50E /* UITableView+Ext.swift */; };
		F52A841F296758A90016F50E /* CountryItemViewModel.swift in Sources */ = {isa = PBXBuildFile; fileRef = F52A841E296758A90016F50E /* CountryItemViewModel.swift */; };
		F52A842229676A440016F50E /* Localizable.strings in Resources */ = {isa = PBXBuildFile; fileRef = F52A842429676A440016F50E /* Localizable.strings */; };
		F5EC43762966BDBC00A8F498 /* AppDelegate.swift in Sources */ = {isa = PBXBuildFile; fileRef = F5EC43752966BDBC00A8F498 /* AppDelegate.swift */; };
		F5EC437F2966BDBF00A8F498 /* Assets.xcassets in Resources */ = {isa = PBXBuildFile; fileRef = F5EC437E2966BDBF00A8F498 /* Assets.xcassets */; };
		F5EC43822966BDBF00A8F498 /* LaunchScreen.storyboard in Resources */ = {isa = PBXBuildFile; fileRef = F5EC43802966BDBF00A8F498 /* LaunchScreen.storyboard */; };
		F5F07895296810020055A742 /* CountryEndPoints.swift in Sources */ = {isa = PBXBuildFile; fileRef = F5F07894296810020055A742 /* CountryEndPoints.swift */; };
		F5F078982968111C0055A742 /* CountryListResponseDTO+Mapping.swift in Sources */ = {isa = PBXBuildFile; fileRef = F5F078972968111C0055A742 /* CountryListResponseDTO+Mapping.swift */; };
		F5F0789B296815830055A742 /* CountryListRepository.swift in Sources */ = {isa = PBXBuildFile; fileRef = F5F0789A296815830055A742 /* CountryListRepository.swift */; };
		F5F0789D296815B90055A742 /* CountryListRepositoryInterface.swift in Sources */ = {isa = PBXBuildFile; fileRef = F5F0789C296815B90055A742 /* CountryListRepositoryInterface.swift */; };
		F5F078A529681D210055A742 /* CountryListFlowCoordinator.swift in Sources */ = {isa = PBXBuildFile; fileRef = F5F078A429681D210055A742 /* CountryListFlowCoordinator.swift */; };
		F5F078A7296825360055A742 /* CountryListDIContainer.swift in Sources */ = {isa = PBXBuildFile; fileRef = F5F078A6296825360055A742 /* CountryListDIContainer.swift */; };
		F5F078A9296825CF0055A742 /* CountryListViewModel.swift in Sources */ = {isa = PBXBuildFile; fileRef = F5F078A8296825CF0055A742 /* CountryListViewModel.swift */; };
		F5F078AB296825EB0055A742 /* CountryListViewController.swift in Sources */ = {isa = PBXBuildFile; fileRef = F5F078AA296825EB0055A742 /* CountryListViewController.swift */; };
		F5F078B129685E340055A742 /* CountryListUseCase.swift in Sources */ = {isa = PBXBuildFile; fileRef = F5F078B029685E340055A742 /* CountryListUseCase.swift */; };
		F5F078B32968647F0055A742 /* UITextField+Ext.swift in Sources */ = {isa = PBXBuildFile; fileRef = F5F078B22968647F0055A742 /* UITextField+Ext.swift */; };
		F5F078B6296867680055A742 /* Alertable.swift in Sources */ = {isa = PBXBuildFile; fileRef = F5F078B5296867680055A742 /* Alertable.swift */; };
/* End PBXBuildFile section */

/* Begin PBXFileReference section */
		F52A83D12966DFF90016F50E /* URL+Ext.swift */ = {isa = PBXFileReference; lastKnownFileType = sourcecode.swift; path = "URL+Ext.swift"; sourceTree = "<group>"; };
		F52A83D32966E01C0016F50E /* Encodable+Ext.swift */ = {isa = PBXFileReference; lastKnownFileType = sourcecode.swift; path = "Encodable+Ext.swift"; sourceTree = "<group>"; };
		F52A83D52966E02F0016F50E /* AnyPublisher+Ext.swift */ = {isa = PBXFileReference; lastKnownFileType = sourcecode.swift; path = "AnyPublisher+Ext.swift"; sourceTree = "<group>"; };
		F52A83D72966E0440016F50E /* MoyaProvider+Ext.swift */ = {isa = PBXFileReference; lastKnownFileType = sourcecode.swift; path = "MoyaProvider+Ext.swift"; sourceTree = "<group>"; };
		F52A83D92966E05D0016F50E /* NetworkError.swift */ = {isa = PBXFileReference; lastKnownFileType = sourcecode.swift; path = NetworkError.swift; sourceTree = "<group>"; };
		F52A83DB2966E0730016F50E /* NetworkConfig.swift */ = {isa = PBXFileReference; lastKnownFileType = sourcecode.swift; path = NetworkConfig.swift; sourceTree = "<group>"; };
		F52A83DD2966E0850016F50E /* NetworkProvider.swift */ = {isa = PBXFileReference; lastKnownFileType = sourcecode.swift; path = NetworkProvider.swift; sourceTree = "<group>"; };
		F52A83E12966E4A00016F50E /* Coordinator.swift */ = {isa = PBXFileReference; lastKnownFileType = sourcecode.swift; path = Coordinator.swift; sourceTree = "<group>"; };
		F52A83E32966E4D20016F50E /* AppCoordinator.swift */ = {isa = PBXFileReference; lastKnownFileType = sourcecode.swift; path = AppCoordinator.swift; sourceTree = "<group>"; };
		F52A83E52966E4E80016F50E /* AppConfigurations.swift */ = {isa = PBXFileReference; lastKnownFileType = sourcecode.swift; path = AppConfigurations.swift; sourceTree = "<group>"; };
		F52A83E82966E52B0016F50E /* AppDIContainer.swift */ = {isa = PBXFileReference; lastKnownFileType = sourcecode.swift; path = AppDIContainer.swift; sourceTree = "<group>"; };
		F52A83EF2966FB1D0016F50E /* HomeFlowCoordinator.swift */ = {isa = PBXFileReference; lastKnownFileType = sourcecode.swift; path = HomeFlowCoordinator.swift; sourceTree = "<group>"; };
		F52A83F12966FBF10016F50E /* HomeDIContainer.swift */ = {isa = PBXFileReference; lastKnownFileType = sourcecode.swift; path = HomeDIContainer.swift; sourceTree = "<group>"; };
		F52A83F3296708660016F50E /* HomeViewController.swift */ = {isa = PBXFileReference; lastKnownFileType = sourcecode.swift; path = HomeViewController.swift; sourceTree = "<group>"; };
		F52A83F5296709CA0016F50E /* HomeViewModel.swift */ = {isa = PBXFileReference; lastKnownFileType = sourcecode.swift; path = HomeViewModel.swift; sourceTree = "<group>"; };
		F52A83FA296723410016F50E /* Country.swift */ = {isa = PBXFileReference; lastKnownFileType = sourcecode.swift; path = Country.swift; sourceTree = "<group>"; };
		F52A83FC296724D10016F50E /* HomeDatasource.swift */ = {isa = PBXFileReference; lastKnownFileType = sourcecode.swift; path = HomeDatasource.swift; sourceTree = "<group>"; };
		F52A84002967259F0016F50E /* Array+Ext.swift */ = {isa = PBXFileReference; lastKnownFileType = sourcecode.swift; path = "Array+Ext.swift"; sourceTree = "<group>"; };
		F52A840629672F1F0016F50E /* ImageRepositoryInterface.swift */ = {isa = PBXFileReference; lastKnownFileType = sourcecode.swift; path = ImageRepositoryInterface.swift; sourceTree = "<group>"; };
		F52A840B29672FFE0016F50E /* ImageRepository.swift */ = {isa = PBXFileReference; lastKnownFileType = sourcecode.swift; path = ImageRepository.swift; sourceTree = "<group>"; };
		F52A840F2967331E0016F50E /* ImageEndPoints.swift */ = {isa = PBXFileReference; lastKnownFileType = sourcecode.swift; path = ImageEndPoints.swift; sourceTree = "<group>"; };
		F52A841229674AEF0016F50E /* HostingTableViewCell.swift */ = {isa = PBXFileReference; lastKnownFileType = sourcecode.swift; path = HostingTableViewCell.swift; sourceTree = "<group>"; };
		F52A841429674B120016F50E /* EmptyView.swift */ = {isa = PBXFileReference; lastKnownFileType = sourcecode.swift; path = EmptyView.swift; sourceTree = "<group>"; };
		F52A841629674FB60016F50E /* ClassIdentifiable+Ext.swift */ = {isa = PBXFileReference; lastKnownFileType = sourcecode.swift; path = "ClassIdentifiable+Ext.swift"; sourceTree = "<group>"; };
		F52A84182967500C0016F50E /* CountryTableViewCell.swift */ = {isa = PBXFileReference; lastKnownFileType = sourcecode.swift; path = CountryTableViewCell.swift; sourceTree = "<group>"; };
		F52A84192967500C0016F50E /* CountryTableViewCell.xib */ = {isa = PBXFileReference; lastKnownFileType = file.xib; path = CountryTableViewCell.xib; sourceTree = "<group>"; };
		F52A841C2967521C0016F50E /* UITableView+Ext.swift */ = {isa = PBXFileReference; lastKnownFileType = sourcecode.swift; path = "UITableView+Ext.swift"; sourceTree = "<group>"; };
		F52A841E296758A90016F50E /* CountryItemViewModel.swift */ = {isa = PBXFileReference; lastKnownFileType = sourcecode.swift; path = CountryItemViewModel.swift; sourceTree = "<group>"; };
		F52A842329676A440016F50E /* en */ = {isa = PBXFileReference; lastKnownFileType = text.plist.strings; name = en; path = en.lproj/Localizable.strings; sourceTree = "<group>"; };
		F52A842529676A6A0016F50E /* fa */ = {isa = PBXFileReference; lastKnownFileType = text.plist.strings; name = fa; path = fa.lproj/LaunchScreen.strings; sourceTree = "<group>"; };
		F52A842629676A6C0016F50E /* fa */ = {isa = PBXFileReference; lastKnownFileType = text.plist.strings; name = fa; path = fa.lproj/Localizable.strings; sourceTree = "<group>"; };
		F5EC43722966BDBC00A8F498 /* BluTest.app */ = {isa = PBXFileReference; explicitFileType = wrapper.application; includeInIndex = 0; path = BluTest.app; sourceTree = BUILT_PRODUCTS_DIR; };
		F5EC43752966BDBC00A8F498 /* AppDelegate.swift */ = {isa = PBXFileReference; lastKnownFileType = sourcecode.swift; path = AppDelegate.swift; sourceTree = "<group>"; };
		F5EC437E2966BDBF00A8F498 /* Assets.xcassets */ = {isa = PBXFileReference; lastKnownFileType = folder.assetcatalog; path = Assets.xcassets; sourceTree = "<group>"; };
		F5EC43812966BDBF00A8F498 /* Base */ = {isa = PBXFileReference; lastKnownFileType = file.storyboard; name = Base; path = Base.lproj/LaunchScreen.storyboard; sourceTree = "<group>"; };
		F5EC43832966BDBF00A8F498 /* Info.plist */ = {isa = PBXFileReference; lastKnownFileType = text.plist.xml; path = Info.plist; sourceTree = "<group>"; };
		F5EC438C2966C7F200A8F498 /* Debug.xcconfig */ = {isa = PBXFileReference; lastKnownFileType = text.xcconfig; path = Debug.xcconfig; sourceTree = "<group>"; };
		F5EC438D2966C80700A8F498 /* Release.xcconfig */ = {isa = PBXFileReference; lastKnownFileType = text.xcconfig; path = Release.xcconfig; sourceTree = "<group>"; };
		F5F07894296810020055A742 /* CountryEndPoints.swift */ = {isa = PBXFileReference; lastKnownFileType = sourcecode.swift; path = CountryEndPoints.swift; sourceTree = "<group>"; };
		F5F078972968111C0055A742 /* CountryListResponseDTO+Mapping.swift */ = {isa = PBXFileReference; lastKnownFileType = sourcecode.swift; path = "CountryListResponseDTO+Mapping.swift"; sourceTree = "<group>"; };
		F5F0789A296815830055A742 /* CountryListRepository.swift */ = {isa = PBXFileReference; lastKnownFileType = sourcecode.swift; path = CountryListRepository.swift; sourceTree = "<group>"; };
		F5F0789C296815B90055A742 /* CountryListRepositoryInterface.swift */ = {isa = PBXFileReference; lastKnownFileType = sourcecode.swift; path = CountryListRepositoryInterface.swift; sourceTree = "<group>"; };
		F5F078A429681D210055A742 /* CountryListFlowCoordinator.swift */ = {isa = PBXFileReference; lastKnownFileType = sourcecode.swift; path = CountryListFlowCoordinator.swift; sourceTree = "<group>"; };
		F5F078A6296825360055A742 /* CountryListDIContainer.swift */ = {isa = PBXFileReference; lastKnownFileType = sourcecode.swift; path = CountryListDIContainer.swift; sourceTree = "<group>"; };
		F5F078A8296825CF0055A742 /* CountryListViewModel.swift */ = {isa = PBXFileReference; lastKnownFileType = sourcecode.swift; path = CountryListViewModel.swift; sourceTree = "<group>"; };
		F5F078AA296825EB0055A742 /* CountryListViewController.swift */ = {isa = PBXFileReference; lastKnownFileType = sourcecode.swift; path = CountryListViewController.swift; sourceTree = "<group>"; };
		F5F078B029685E340055A742 /* CountryListUseCase.swift */ = {isa = PBXFileReference; lastKnownFileType = sourcecode.swift; path = CountryListUseCase.swift; sourceTree = "<group>"; };
		F5F078B22968647F0055A742 /* UITextField+Ext.swift */ = {isa = PBXFileReference; lastKnownFileType = sourcecode.swift; path = "UITextField+Ext.swift"; sourceTree = "<group>"; };
		F5F078B5296867680055A742 /* Alertable.swift */ = {isa = PBXFileReference; lastKnownFileType = sourcecode.swift; path = Alertable.swift; sourceTree = "<group>"; };
/* End PBXFileReference section */

/* Begin PBXFrameworksBuildPhase section */
		F5EC436F2966BDBC00A8F498 /* Frameworks */ = {
			isa = PBXFrameworksBuildPhase;
			buildActionMask = 2147483647;
			files = (
				F52A83CD2966DF7A0016F50E /* Moya in Frameworks */,
				F52A83CB2966DF7A0016F50E /* CombineMoya in Frameworks */,
			);
			runOnlyForDeploymentPostprocessing = 0;
		};
/* End PBXFrameworksBuildPhase section */

/* Begin PBXGroup section */
		F52A83CE2966DFBE0016F50E /* Infrastructures */ = {
			isa = PBXGroup;
			children = (
				F52A83CF2966DFDA0016F50E /* Network */,
			);
			path = Infrastructures;
			sourceTree = "<group>";
		};
		F52A83CF2966DFDA0016F50E /* Network */ = {
			isa = PBXGroup;
			children = (
				F52A83DD2966E0850016F50E /* NetworkProvider.swift */,
				F52A83DB2966E0730016F50E /* NetworkConfig.swift */,
				F52A83D92966E05D0016F50E /* NetworkError.swift */,
				F52A83D02966DFED0016F50E /* Extension */,
			);
			path = Network;
			sourceTree = "<group>";
		};
		F52A83D02966DFED0016F50E /* Extension */ = {
			isa = PBXGroup;
			children = (
				F52A83D52966E02F0016F50E /* AnyPublisher+Ext.swift */,
				F52A83D32966E01C0016F50E /* Encodable+Ext.swift */,
				F52A83D72966E0440016F50E /* MoyaProvider+Ext.swift */,
				F52A83D12966DFF90016F50E /* URL+Ext.swift */,
			);
			path = Extension;
			sourceTree = "<group>";
		};
		F52A83E02966E4810016F50E /* Coordinator */ = {
			isa = PBXGroup;
			children = (
				F52A83E12966E4A00016F50E /* Coordinator.swift */,
			);
			path = Coordinator;
			sourceTree = "<group>";
		};
		F52A83E72966E5000016F50E /* DIContainer */ = {
			isa = PBXGroup;
			children = (
				F52A83E82966E52B0016F50E /* AppDIContainer.swift */,
				F52A83F12966FBF10016F50E /* HomeDIContainer.swift */,
				F5F078A6296825360055A742 /* CountryListDIContainer.swift */,
			);
			path = DIContainer;
			sourceTree = "<group>";
		};
		F52A83EA2966FAC30016F50E /* Presentation */ = {
			isa = PBXGroup;
			children = (
				F5F078A029681B670055A742 /* CountryList */,
				F52A83EB2966FACD0016F50E /* Home */,
				F52A83FE296725850016F50E /* Utils */,
			);
			path = Presentation;
			sourceTree = "<group>";
		};
		F52A83EB2966FACD0016F50E /* Home */ = {
			isa = PBXGroup;
			children = (
				F52A83EC2966FAE80016F50E /* Flow */,
				F52A83ED2966FAF20016F50E /* View */,
				F52A83EE2966FAF60016F50E /* ViewModel */,
			);
			path = Home;
			sourceTree = "<group>";
		};
		F52A83EC2966FAE80016F50E /* Flow */ = {
			isa = PBXGroup;
			children = (
				F52A83EF2966FB1D0016F50E /* HomeFlowCoordinator.swift */,
			);
			path = Flow;
			sourceTree = "<group>";
		};
		F52A83ED2966FAF20016F50E /* View */ = {
			isa = PBXGroup;
			children = (
				F52A83F3296708660016F50E /* HomeViewController.swift */,
				F52A83FC296724D10016F50E /* HomeDatasource.swift */,
			);
			path = View;
			sourceTree = "<group>";
		};
		F52A83EE2966FAF60016F50E /* ViewModel */ = {
			isa = PBXGroup;
			children = (
				F52A83F5296709CA0016F50E /* HomeViewModel.swift */,
			);
			path = ViewModel;
			sourceTree = "<group>";
		};
		F52A83F7296722F20016F50E /* Domain */ = {
			isa = PBXGroup;
			children = (
				F5F078AE29685DFE0055A742 /* UseCase */,
				F52A83F8296722F60016F50E /* Entities */,
				F52A840229672EF30016F50E /* Interfaces */,
			);
			path = Domain;
			sourceTree = "<group>";
		};
		F52A83F8296722F60016F50E /* Entities */ = {
			isa = PBXGroup;
			children = (
				F52A83F92967232D0016F50E /* CountryList */,
			);
			path = Entities;
			sourceTree = "<group>";
		};
		F52A83F92967232D0016F50E /* CountryList */ = {
			isa = PBXGroup;
			children = (
				F52A83FA296723410016F50E /* Country.swift */,
			);
			path = CountryList;
			sourceTree = "<group>";
		};
		F52A83FE296725850016F50E /* Utils */ = {
			isa = PBXGroup;
			children = (
				F52A841129674ABD0016F50E /* Coomon */,
				F52A83FF296725870016F50E /* Extension */,
				F5F078B42968675A0055A742 /* Protocol */,
			);
			path = Utils;
			sourceTree = "<group>";
		};
		F52A83FF296725870016F50E /* Extension */ = {
			isa = PBXGroup;
			children = (
				F52A84002967259F0016F50E /* Array+Ext.swift */,
				F52A841629674FB60016F50E /* ClassIdentifiable+Ext.swift */,
				F52A841C2967521C0016F50E /* UITableView+Ext.swift */,
				F5F078B22968647F0055A742 /* UITextField+Ext.swift */,
			);
			path = Extension;
			sourceTree = "<group>";
		};
		F52A840229672EF30016F50E /* Interfaces */ = {
			isa = PBXGroup;
			children = (
				F5F0789E29681B100055A742 /* Common */,
				F52A840329672EFC0016F50E /* CountryList */,
			);
			path = Interfaces;
			sourceTree = "<group>";
		};
		F52A840329672EFC0016F50E /* CountryList */ = {
			isa = PBXGroup;
			children = (
				F52A840429672F000016F50E /* Repositories */,
			);
			path = CountryList;
			sourceTree = "<group>";
		};
		F52A840429672F000016F50E /* Repositories */ = {
			isa = PBXGroup;
			children = (
				F5F0789C296815B90055A742 /* CountryListRepositoryInterface.swift */,
			);
			path = Repositories;
			sourceTree = "<group>";
		};
		F52A840829672FDA0016F50E /* Data */ = {
			isa = PBXGroup;
			children = (
				F52A840D296732F30016F50E /* Network */,
				F52A840929672FE40016F50E /* Repositories */,
			);
			path = Data;
			sourceTree = "<group>";
		};
		F52A840929672FE40016F50E /* Repositories */ = {
			isa = PBXGroup;
			children = (
				F5F078992968156A0055A742 /* CountryList */,
				F52A840A29672FEF0016F50E /* Common */,
			);
			path = Repositories;
			sourceTree = "<group>";
		};
		F52A840A29672FEF0016F50E /* Common */ = {
			isa = PBXGroup;
			children = (
				F52A840B29672FFE0016F50E /* ImageRepository.swift */,
			);
			path = Common;
			sourceTree = "<group>";
		};
		F52A840D296732F30016F50E /* Network */ = {
			isa = PBXGroup;
			children = (
				F5F0789329680FC80055A742 /* CountryList */,
				F52A840E296732F70016F50E /* Common */,
			);
			path = Network;
			sourceTree = "<group>";
		};
		F52A840E296732F70016F50E /* Common */ = {
			isa = PBXGroup;
			children = (
				F52A840F2967331E0016F50E /* ImageEndPoints.swift */,
			);
			path = Common;
			sourceTree = "<group>";
		};
		F52A841129674ABD0016F50E /* Coomon */ = {
			isa = PBXGroup;
			children = (
				F52A841229674AEF0016F50E /* HostingTableViewCell.swift */,
				F52A841429674B120016F50E /* EmptyView.swift */,
			);
			path = Coomon;
			sourceTree = "<group>";
		};
		F5EC43692966BDBC00A8F498 = {
			isa = PBXGroup;
			children = (
				F5EC43742966BDBC00A8F498 /* BluTest */,
				F5EC43732966BDBC00A8F498 /* Products */,
			);
			sourceTree = "<group>";
		};
		F5EC43732966BDBC00A8F498 /* Products */ = {
			isa = PBXGroup;
			children = (
				F5EC43722966BDBC00A8F498 /* BluTest.app */,
			);
			name = Products;
			sourceTree = "<group>";
		};
		F5EC43742966BDBC00A8F498 /* BluTest */ = {
			isa = PBXGroup;
			children = (
				F5EC43892966C50100A8F498 /* Application */,
				F52A83E02966E4810016F50E /* Coordinator */,
				F52A83EA2966FAC30016F50E /* Presentation */,
				F52A83F7296722F20016F50E /* Domain */,
				F52A840829672FDA0016F50E /* Data */,
				F52A83CE2966DFBE0016F50E /* Infrastructures */,
				F5EC438B2966C53D00A8F498 /* Resource */,
			);
			path = BluTest;
			sourceTree = "<group>";
		};
		F5EC43892966C50100A8F498 /* Application */ = {
			isa = PBXGroup;
			children = (
				F52A83E52966E4E80016F50E /* AppConfigurations.swift */,
				F52A83E32966E4D20016F50E /* AppCoordinator.swift */,
				F5EC43752966BDBC00A8F498 /* AppDelegate.swift */,
				F52A83E72966E5000016F50E /* DIContainer */,
			);
			path = Application;
			sourceTree = "<group>";
		};
		F5EC438B2966C53D00A8F498 /* Resource */ = {
			isa = PBXGroup;
			children = (
				F5EC437E2966BDBF00A8F498 /* Assets.xcassets */,
				F5EC43832966BDBF00A8F498 /* Info.plist */,
				F5EC43802966BDBF00A8F498 /* LaunchScreen.storyboard */,
				F52A842429676A440016F50E /* Localizable.strings */,
				F5EC438E2966C80F00A8F498 /* Configuration */,
			);
			path = Resource;
			sourceTree = "<group>";
		};
		F5EC438E2966C80F00A8F498 /* Configuration */ = {
			isa = PBXGroup;
			children = (
				F5EC438C2966C7F200A8F498 /* Debug.xcconfig */,
				F5EC438D2966C80700A8F498 /* Release.xcconfig */,
			);
			path = Configuration;
			sourceTree = "<group>";
		};
		F5F0789329680FC80055A742 /* CountryList */ = {
			isa = PBXGroup;
			children = (
				F5F07894296810020055A742 /* CountryEndPoints.swift */,
				F5F07896296810E70055A742 /* DataMapping */,
			);
			path = CountryList;
			sourceTree = "<group>";
		};
		F5F07896296810E70055A742 /* DataMapping */ = {
			isa = PBXGroup;
			children = (
				F5F078972968111C0055A742 /* CountryListResponseDTO+Mapping.swift */,
			);
			path = DataMapping;
			sourceTree = "<group>";
		};
		F5F078992968156A0055A742 /* CountryList */ = {
			isa = PBXGroup;
			children = (
				F5F0789A296815830055A742 /* CountryListRepository.swift */,
			);
			path = CountryList;
			sourceTree = "<group>";
		};
		F5F0789E29681B100055A742 /* Common */ = {
			isa = PBXGroup;
			children = (
				F5F0789F29681B1C0055A742 /* Repositories */,
			);
			path = Common;
			sourceTree = "<group>";
		};
		F5F0789F29681B1C0055A742 /* Repositories */ = {
			isa = PBXGroup;
			children = (
				F52A840629672F1F0016F50E /* ImageRepositoryInterface.swift */,
			);
			path = Repositories;
			sourceTree = "<group>";
		};
		F5F078A029681B670055A742 /* CountryList */ = {
			isa = PBXGroup;
			children = (
				F5F078A129681B6F0055A742 /* Flow */,
				F5F078A229681B750055A742 /* View */,
				F5F078A329681B790055A742 /* ViewModel */,
			);
			path = CountryList;
			sourceTree = "<group>";
		};
		F5F078A129681B6F0055A742 /* Flow */ = {
			isa = PBXGroup;
			children = (
				F5F078A429681D210055A742 /* CountryListFlowCoordinator.swift */,
			);
			path = Flow;
			sourceTree = "<group>";
		};
		F5F078A229681B750055A742 /* View */ = {
			isa = PBXGroup;
			children = (
				F5F078AA296825EB0055A742 /* CountryListViewController.swift */,
				F5F078B729689A0B0055A742 /* Cell */,
			);
			path = View;
			sourceTree = "<group>";
		};
		F5F078A329681B790055A742 /* ViewModel */ = {
			isa = PBXGroup;
			children = (
				F5F078A8296825CF0055A742 /* CountryListViewModel.swift */,
				F52A841E296758A90016F50E /* CountryItemViewModel.swift */,
			);
			path = ViewModel;
			sourceTree = "<group>";
		};
		F5F078AE29685DFE0055A742 /* UseCase */ = {
			isa = PBXGroup;
			children = (
				F5F078AF29685E030055A742 /* CountryList */,
			);
			path = UseCase;
			sourceTree = "<group>";
		};
		F5F078AF29685E030055A742 /* CountryList */ = {
			isa = PBXGroup;
			children = (
				F5F078B029685E340055A742 /* CountryListUseCase.swift */,
			);
			path = CountryList;
			sourceTree = "<group>";
		};
		F5F078B42968675A0055A742 /* Protocol */ = {
			isa = PBXGroup;
			children = (
				F5F078B5296867680055A742 /* Alertable.swift */,
			);
			path = Protocol;
			sourceTree = "<group>";
		};
		F5F078B729689A0B0055A742 /* Cell */ = {
			isa = PBXGroup;
			children = (
				F52A84182967500C0016F50E /* CountryTableViewCell.swift */,
				F52A84192967500C0016F50E /* CountryTableViewCell.xib */,
			);
			path = Cell;
			sourceTree = "<group>";
		};
/* End PBXGroup section */

/* Begin PBXNativeTarget section */
		F5EC43712966BDBC00A8F498 /* BluTest */ = {
			isa = PBXNativeTarget;
			buildConfigurationList = F5EC43862966BDBF00A8F498 /* Build configuration list for PBXNativeTarget "BluTest" */;
			buildPhases = (
				F5EC436E2966BDBC00A8F498 /* Sources */,
				F5EC436F2966BDBC00A8F498 /* Frameworks */,
				F5EC43702966BDBC00A8F498 /* Resources */,
				F52A842729676CD10016F50E /* SwiftLint */,
			);
			buildRules = (
			);
			dependencies = (
			);
			name = BluTest;
			packageProductDependencies = (
				F52A83CA2966DF7A0016F50E /* CombineMoya */,
				F52A83CC2966DF7A0016F50E /* Moya */,
			);
			productName = BluTest;
			productReference = F5EC43722966BDBC00A8F498 /* BluTest.app */;
			productType = "com.apple.product-type.application";
		};
/* End PBXNativeTarget section */

/* Begin PBXProject section */
		F5EC436A2966BDBC00A8F498 /* Project object */ = {
			isa = PBXProject;
			attributes = {
				BuildIndependentTargetsInParallel = 1;
				LastSwiftUpdateCheck = 1400;
				LastUpgradeCheck = 1400;
				TargetAttributes = {
					F5EC43712966BDBC00A8F498 = {
						CreatedOnToolsVersion = 14.0.1;
					};
				};
			};
			buildConfigurationList = F5EC436D2966BDBC00A8F498 /* Build configuration list for PBXProject "BluTest" */;
			compatibilityVersion = "Xcode 14.0";
			developmentRegion = en;
			hasScannedForEncodings = 0;
			knownRegions = (
				en,
				Base,
				fa,
			);
			mainGroup = F5EC43692966BDBC00A8F498;
			packageReferences = (
				F52A83C92966DF7A0016F50E /* XCRemoteSwiftPackageReference "Moya" */,
			);
			productRefGroup = F5EC43732966BDBC00A8F498 /* Products */;
			projectDirPath = "";
			projectRoot = "";
			targets = (
				F5EC43712966BDBC00A8F498 /* BluTest */,
			);
		};
/* End PBXProject section */

/* Begin PBXResourcesBuildPhase section */
		F5EC43702966BDBC00A8F498 /* Resources */ = {
			isa = PBXResourcesBuildPhase;
			buildActionMask = 2147483647;
			files = (
				F5EC43822966BDBF00A8F498 /* LaunchScreen.storyboard in Resources */,
				F52A842229676A440016F50E /* Localizable.strings in Resources */,
				F5EC437F2966BDBF00A8F498 /* Assets.xcassets in Resources */,
				F52A841B2967500C0016F50E /* CountryTableViewCell.xib in Resources */,
			);
			runOnlyForDeploymentPostprocessing = 0;
		};
/* End PBXResourcesBuildPhase section */

/* Begin PBXShellScriptBuildPhase section */
		F52A842729676CD10016F50E /* SwiftLint */ = {
			isa = PBXShellScriptBuildPhase;
			buildActionMask = 2147483647;
			files = (
			);
			inputFileListPaths = (
			);
			inputPaths = (
			);
			name = SwiftLint;
			outputFileListPaths = (
			);
			outputPaths = (
			);
			runOnlyForDeploymentPostprocessing = 0;
			shellPath = /bin/sh;
			shellScript = "# Type a script or drag a script file from your workspace to insert its path.\nif which swiftlint > /dev/null; then\n  swiftlint\nelse\n  echo \"warning: SwiftLint not installed, download from https://github.com/realm/SwiftLint\"\nfi\n";
		};
/* End PBXShellScriptBuildPhase section */

/* Begin PBXSourcesBuildPhase section */
		F5EC436E2966BDBC00A8F498 /* Sources */ = {
			isa = PBXSourcesBuildPhase;
			buildActionMask = 2147483647;
			files = (
				F5F0789D296815B90055A742 /* CountryListRepositoryInterface.swift in Sources */,
				F52A83F6296709CA0016F50E /* HomeViewModel.swift in Sources */,
				F52A84012967259F0016F50E /* Array+Ext.swift in Sources */,
				F52A83E42966E4D20016F50E /* AppCoordinator.swift in Sources */,
				F52A841D2967521C0016F50E /* UITableView+Ext.swift in Sources */,
				F5F07895296810020055A742 /* CountryEndPoints.swift in Sources */,
				F52A83D62966E02F0016F50E /* AnyPublisher+Ext.swift in Sources */,
				F5F078982968111C0055A742 /* CountryListResponseDTO+Mapping.swift in Sources */,
				F52A841729674FB60016F50E /* ClassIdentifiable+Ext.swift in Sources */,
				F52A841529674B120016F50E /* EmptyView.swift in Sources */,
				F52A83DA2966E05D0016F50E /* NetworkError.swift in Sources */,
				F52A83E22966E4A00016F50E /* Coordinator.swift in Sources */,
				F52A841329674AEF0016F50E /* HostingTableViewCell.swift in Sources */,
				F5F078B6296867680055A742 /* Alertable.swift in Sources */,
				F5F078A9296825CF0055A742 /* CountryListViewModel.swift in Sources */,
				F52A83DE2966E0850016F50E /* NetworkProvider.swift in Sources */,
				F52A83F22966FBF10016F50E /* HomeDIContainer.swift in Sources */,
				F52A83D82966E0440016F50E /* MoyaProvider+Ext.swift in Sources */,
				F52A84102967331E0016F50E /* ImageEndPoints.swift in Sources */,
				F5F078B32968647F0055A742 /* UITextField+Ext.swift in Sources */,
				F52A841F296758A90016F50E /* CountryItemViewModel.swift in Sources */,
				F5F078B129685E340055A742 /* CountryListUseCase.swift in Sources */,
				F52A83F02966FB1D0016F50E /* HomeFlowCoordinator.swift in Sources */,
				F52A83D22966DFF90016F50E /* URL+Ext.swift in Sources */,
				F5EC43762966BDBC00A8F498 /* AppDelegate.swift in Sources */,
				F5F0789B296815830055A742 /* CountryListRepository.swift in Sources */,
				F52A840729672F1F0016F50E /* ImageRepositoryInterface.swift in Sources */,
				F5F078A529681D210055A742 /* CountryListFlowCoordinator.swift in Sources */,
				F5F078AB296825EB0055A742 /* CountryListViewController.swift in Sources */,
				F52A83FB296723410016F50E /* Country.swift in Sources */,
				F5F078A7296825360055A742 /* CountryListDIContainer.swift in Sources */,
				F52A83FD296724D10016F50E /* HomeDatasource.swift in Sources */,
				F52A840C29672FFE0016F50E /* ImageRepository.swift in Sources */,
				F52A83F4296708660016F50E /* HomeViewController.swift in Sources */,
				F52A83E92966E52B0016F50E /* AppDIContainer.swift in Sources */,
				F52A83DC2966E0730016F50E /* NetworkConfig.swift in Sources */,
				F52A83E62966E4E80016F50E /* AppConfigurations.swift in Sources */,
				F52A841A2967500C0016F50E /* CountryTableViewCell.swift in Sources */,
				F52A83D42966E01C0016F50E /* Encodable+Ext.swift in Sources */,
			);
			runOnlyForDeploymentPostprocessing = 0;
		};
/* End PBXSourcesBuildPhase section */

/* Begin PBXVariantGroup section */
		F52A842429676A440016F50E /* Localizable.strings */ = {
			isa = PBXVariantGroup;
			children = (
				F52A842329676A440016F50E /* en */,
				F52A842629676A6C0016F50E /* fa */,
			);
			name = Localizable.strings;
			sourceTree = "<group>";
		};
		F5EC43802966BDBF00A8F498 /* LaunchScreen.storyboard */ = {
			isa = PBXVariantGroup;
			children = (
				F5EC43812966BDBF00A8F498 /* Base */,
				F52A842529676A6A0016F50E /* fa */,
			);
			name = LaunchScreen.storyboard;
			sourceTree = "<group>";
		};
/* End PBXVariantGroup section */

/* Begin XCBuildConfiguration section */
		F5EC43842966BDBF00A8F498 /* Debug */ = {
			isa = XCBuildConfiguration;
			baseConfigurationReference = F5EC438C2966C7F200A8F498 /* Debug.xcconfig */;
			buildSettings = {
				ALWAYS_SEARCH_USER_PATHS = NO;
				CLANG_ANALYZER_LOCALIZABILITY_NONLOCALIZED = YES;
				CLANG_ANALYZER_NONNULL = YES;
				CLANG_ANALYZER_NUMBER_OBJECT_CONVERSION = YES_AGGRESSIVE;
				CLANG_CXX_LANGUAGE_STANDARD = "gnu++20";
				CLANG_ENABLE_MODULES = YES;
				CLANG_ENABLE_OBJC_ARC = YES;
				CLANG_ENABLE_OBJC_WEAK = YES;
				CLANG_WARN_BLOCK_CAPTURE_AUTORELEASING = YES;
				CLANG_WARN_BOOL_CONVERSION = YES;
				CLANG_WARN_COMMA = YES;
				CLANG_WARN_CONSTANT_CONVERSION = YES;
				CLANG_WARN_DEPRECATED_OBJC_IMPLEMENTATIONS = YES;
				CLANG_WARN_DIRECT_OBJC_ISA_USAGE = YES_ERROR;
				CLANG_WARN_DOCUMENTATION_COMMENTS = YES;
				CLANG_WARN_EMPTY_BODY = YES;
				CLANG_WARN_ENUM_CONVERSION = YES;
				CLANG_WARN_INFINITE_RECURSION = YES;
				CLANG_WARN_INT_CONVERSION = YES;
				CLANG_WARN_NON_LITERAL_NULL_CONVERSION = YES;
				CLANG_WARN_OBJC_IMPLICIT_RETAIN_SELF = YES;
				CLANG_WARN_OBJC_LITERAL_CONVERSION = YES;
				CLANG_WARN_OBJC_ROOT_CLASS = YES_ERROR;
				CLANG_WARN_QUOTED_INCLUDE_IN_FRAMEWORK_HEADER = YES;
				CLANG_WARN_RANGE_LOOP_ANALYSIS = YES;
				CLANG_WARN_STRICT_PROTOTYPES = YES;
				CLANG_WARN_SUSPICIOUS_MOVE = YES;
				CLANG_WARN_UNGUARDED_AVAILABILITY = YES_AGGRESSIVE;
				CLANG_WARN_UNREACHABLE_CODE = YES;
				CLANG_WARN__DUPLICATE_METHOD_MATCH = YES;
				COPY_PHASE_STRIP = NO;
				DEBUG_INFORMATION_FORMAT = dwarf;
				ENABLE_STRICT_OBJC_MSGSEND = YES;
				ENABLE_TESTABILITY = YES;
				GCC_C_LANGUAGE_STANDARD = gnu11;
				GCC_DYNAMIC_NO_PIC = NO;
				GCC_NO_COMMON_BLOCKS = YES;
				GCC_OPTIMIZATION_LEVEL = 0;
				GCC_PREPROCESSOR_DEFINITIONS = (
					"DEBUG=1",
					"$(inherited)",
				);
				GCC_WARN_64_TO_32_BIT_CONVERSION = YES;
				GCC_WARN_ABOUT_RETURN_TYPE = YES_ERROR;
				GCC_WARN_UNDECLARED_SELECTOR = YES;
				GCC_WARN_UNINITIALIZED_AUTOS = YES_AGGRESSIVE;
				GCC_WARN_UNUSED_FUNCTION = YES;
				GCC_WARN_UNUSED_VARIABLE = YES;
				IPHONEOS_DEPLOYMENT_TARGET = 13.0;
				MTL_ENABLE_DEBUG_INFO = INCLUDE_SOURCE;
				MTL_FAST_MATH = YES;
				ONLY_ACTIVE_ARCH = YES;
				SDKROOT = iphoneos;
				SWIFT_ACTIVE_COMPILATION_CONDITIONS = DEBUG;
				SWIFT_OPTIMIZATION_LEVEL = "-Onone";
				SWIFT_VERSION = 5.0;
			};
			name = Debug;
		};
		F5EC43852966BDBF00A8F498 /* Release */ = {
			isa = XCBuildConfiguration;
			baseConfigurationReference = F5EC438D2966C80700A8F498 /* Release.xcconfig */;
			buildSettings = {
				ALWAYS_SEARCH_USER_PATHS = NO;
				CLANG_ANALYZER_LOCALIZABILITY_NONLOCALIZED = YES;
				CLANG_ANALYZER_NONNULL = YES;
				CLANG_ANALYZER_NUMBER_OBJECT_CONVERSION = YES_AGGRESSIVE;
				CLANG_CXX_LANGUAGE_STANDARD = "gnu++20";
				CLANG_ENABLE_MODULES = YES;
				CLANG_ENABLE_OBJC_ARC = YES;
				CLANG_ENABLE_OBJC_WEAK = YES;
				CLANG_WARN_BLOCK_CAPTURE_AUTORELEASING = YES;
				CLANG_WARN_BOOL_CONVERSION = YES;
				CLANG_WARN_COMMA = YES;
				CLANG_WARN_CONSTANT_CONVERSION = YES;
				CLANG_WARN_DEPRECATED_OBJC_IMPLEMENTATIONS = YES;
				CLANG_WARN_DIRECT_OBJC_ISA_USAGE = YES_ERROR;
				CLANG_WARN_DOCUMENTATION_COMMENTS = YES;
				CLANG_WARN_EMPTY_BODY = YES;
				CLANG_WARN_ENUM_CONVERSION = YES;
				CLANG_WARN_INFINITE_RECURSION = YES;
				CLANG_WARN_INT_CONVERSION = YES;
				CLANG_WARN_NON_LITERAL_NULL_CONVERSION = YES;
				CLANG_WARN_OBJC_IMPLICIT_RETAIN_SELF = YES;
				CLANG_WARN_OBJC_LITERAL_CONVERSION = YES;
				CLANG_WARN_OBJC_ROOT_CLASS = YES_ERROR;
				CLANG_WARN_QUOTED_INCLUDE_IN_FRAMEWORK_HEADER = YES;
				CLANG_WARN_RANGE_LOOP_ANALYSIS = YES;
				CLANG_WARN_STRICT_PROTOTYPES = YES;
				CLANG_WARN_SUSPICIOUS_MOVE = YES;
				CLANG_WARN_UNGUARDED_AVAILABILITY = YES_AGGRESSIVE;
				CLANG_WARN_UNREACHABLE_CODE = YES;
				CLANG_WARN__DUPLICATE_METHOD_MATCH = YES;
				COPY_PHASE_STRIP = NO;
				DEBUG_INFORMATION_FORMAT = "dwarf-with-dsym";
				ENABLE_NS_ASSERTIONS = NO;
				ENABLE_STRICT_OBJC_MSGSEND = YES;
				GCC_C_LANGUAGE_STANDARD = gnu11;
				GCC_NO_COMMON_BLOCKS = YES;
				GCC_WARN_64_TO_32_BIT_CONVERSION = YES;
				GCC_WARN_ABOUT_RETURN_TYPE = YES_ERROR;
				GCC_WARN_UNDECLARED_SELECTOR = YES;
				GCC_WARN_UNINITIALIZED_AUTOS = YES_AGGRESSIVE;
				GCC_WARN_UNUSED_FUNCTION = YES;
				GCC_WARN_UNUSED_VARIABLE = YES;
				IPHONEOS_DEPLOYMENT_TARGET = 13.0;
				MTL_ENABLE_DEBUG_INFO = NO;
				MTL_FAST_MATH = YES;
				SDKROOT = iphoneos;
				SWIFT_COMPILATION_MODE = wholemodule;
				SWIFT_OPTIMIZATION_LEVEL = "-O";
				SWIFT_VERSION = 5.0;
				VALIDATE_PRODUCT = YES;
			};
			name = Release;
		};
		F5EC43872966BDBF00A8F498 /* Debug */ = {
			isa = XCBuildConfiguration;
			baseConfigurationReference = F5EC438C2966C7F200A8F498 /* Debug.xcconfig */;
			buildSettings = {
				ASSETCATALOG_COMPILER_APPICON_NAME = AppIcon;
				ASSETCATALOG_COMPILER_GLOBAL_ACCENT_COLOR_NAME = AccentColor;
				CODE_SIGN_STYLE = Automatic;
				CURRENT_PROJECT_VERSION = "$(BLU_BUILD_VERSION)";
				DEVELOPMENT_TEAM = SWYCC37G8N;
				GENERATE_INFOPLIST_FILE = YES;
				INFOPLIST_FILE = BluTest/Resource/Info.plist;
				INFOPLIST_KEY_CFBundleDisplayName = "$(BLU_APP_NAME)";
				INFOPLIST_KEY_UIApplicationSupportsIndirectInputEvents = YES;
				INFOPLIST_KEY_UILaunchStoryboardName = LaunchScreen;
				INFOPLIST_KEY_UISupportedInterfaceOrientations = UIInterfaceOrientationPortrait;
				IPHONEOS_DEPLOYMENT_TARGET = 13.0;
				LD_RUNPATH_SEARCH_PATHS = (
					"$(inherited)",
					"@executable_path/Frameworks",
				);
				MARKETING_VERSION = "$(BLU_APP_VERSION)";
				PRODUCT_BUNDLE_IDENTIFIER = "$(BLU_APP_BUNDLE_ID)";
				PRODUCT_NAME = "$(TARGET_NAME)";
				SWIFT_EMIT_LOC_STRINGS = YES;
				SWIFT_VERSION = 5.0;
				TARGETED_DEVICE_FAMILY = "1,2";
			};
			name = Debug;
		};
		F5EC43882966BDBF00A8F498 /* Release */ = {
			isa = XCBuildConfiguration;
			baseConfigurationReference = F5EC438D2966C80700A8F498 /* Release.xcconfig */;
			buildSettings = {
				ASSETCATALOG_COMPILER_APPICON_NAME = AppIcon;
				ASSETCATALOG_COMPILER_GLOBAL_ACCENT_COLOR_NAME = AccentColor;
				CODE_SIGN_STYLE = Automatic;
				CURRENT_PROJECT_VERSION = "$(BLU_BUILD_VERSION)";
				DEVELOPMENT_TEAM = SWYCC37G8N;
				GENERATE_INFOPLIST_FILE = YES;
				INFOPLIST_FILE = BluTest/Resource/Info.plist;
				INFOPLIST_KEY_CFBundleDisplayName = "$(BLU_APP_NAME)";
				INFOPLIST_KEY_UIApplicationSupportsIndirectInputEvents = YES;
				INFOPLIST_KEY_UILaunchStoryboardName = LaunchScreen;
				INFOPLIST_KEY_UISupportedInterfaceOrientations = UIInterfaceOrientationPortrait;
				IPHONEOS_DEPLOYMENT_TARGET = 13.0;
				LD_RUNPATH_SEARCH_PATHS = (
					"$(inherited)",
					"@executable_path/Frameworks",
				);
				MARKETING_VERSION = "$(BLU_APP_VERSION)";
				PRODUCT_BUNDLE_IDENTIFIER = "$(BLU_APP_BUNDLE_ID)";
				PRODUCT_NAME = "$(TARGET_NAME)";
				SWIFT_EMIT_LOC_STRINGS = YES;
				SWIFT_VERSION = 5.0;
				TARGETED_DEVICE_FAMILY = "1,2";
			};
			name = Release;
		};
/* End XCBuildConfiguration section */

/* Begin XCConfigurationList section */
		F5EC436D2966BDBC00A8F498 /* Build configuration list for PBXProject "BluTest" */ = {
			isa = XCConfigurationList;
			buildConfigurations = (
				F5EC43842966BDBF00A8F498 /* Debug */,
				F5EC43852966BDBF00A8F498 /* Release */,
			);
			defaultConfigurationIsVisible = 0;
			defaultConfigurationName = Release;
		};
		F5EC43862966BDBF00A8F498 /* Build configuration list for PBXNativeTarget "BluTest" */ = {
			isa = XCConfigurationList;
			buildConfigurations = (
				F5EC43872966BDBF00A8F498 /* Debug */,
				F5EC43882966BDBF00A8F498 /* Release */,
			);
			defaultConfigurationIsVisible = 0;
			defaultConfigurationName = Release;
		};
/* End XCConfigurationList section */

/* Begin XCRemoteSwiftPackageReference section */
		F52A83C92966DF7A0016F50E /* XCRemoteSwiftPackageReference "Moya" */ = {
			isa = XCRemoteSwiftPackageReference;
			repositoryURL = "https://github.com/Moya/Moya.git";
			requirement = {
				kind = exactVersion;
				version = 15.0.0;
			};
		};
/* End XCRemoteSwiftPackageReference section */

/* Begin XCSwiftPackageProductDependency section */
		F52A83CA2966DF7A0016F50E /* CombineMoya */ = {
			isa = XCSwiftPackageProductDependency;
			package = F52A83C92966DF7A0016F50E /* XCRemoteSwiftPackageReference "Moya" */;
			productName = CombineMoya;
		};
		F52A83CC2966DF7A0016F50E /* Moya */ = {
			isa = XCSwiftPackageProductDependency;
			package = F52A83C92966DF7A0016F50E /* XCRemoteSwiftPackageReference "Moya" */;
			productName = Moya;
		};
/* End XCSwiftPackageProductDependency section */
	};
	rootObject = F5EC436A2966BDBC00A8F498 /* Project object */;
}
